
Microsoft Visual Studio Solution File, Format Version 12.00
# Visual Studio Version 17
VisualStudioVersion = 17.11.35208.52
MinimumVisualStudioVersion = 10.0.40219.1
Project("{FAE04EC0-301F-11D3-BF4B-00C04F79EFBC}") = "suma4030349", "suma4030349\suma4030349.csproj", "{8B16F0A9-E762-4E6D-9174-A7983344098C}"
EndProject
Global
	GlobalSection(SolutionConfigurationPlatforms) = preSolution
		Debug|Any CPU = Debug|Any CPU
		Release|Any CPU = Release|Any CPU
	EndGlobalSection
	GlobalSection(ProjectConfigurationPlatforms) = postSolution
		{8B16F0A9-E762-4E6D-9174-A7983344098C}.Debug|Any CPU.ActiveCfg = Debug|Any CPU
		{8B16F0A9-E762-4E6D-9174-A7983344098C}.Debug|Any CPU.Build.0 = Debug|Any CPU
		{8B16F0A9-E762-4E6D-9174-A7983344098C}.Debug|Any CPU.Deploy.0 = Debug|Any CPU
		{8B16F0A9-E762-4E6D-9174-A7983344098C}.Release|Any CPU.ActiveCfg = Release|Any CPU
		{8B16F0A9-E762-4E6D-9174-A7983344098C}.Release|Any CPU.Build.0 = Release|Any CPU
		{8B16F0A9-E762-4E6D-9174-A7983344098C}.Release|Any CPU.Deploy.0 = Release|Any CPU
	EndGlobalSection
	GlobalSection(SolutionProperties) = preSolution
		HideSolutionNode = FALSE
	EndGlobalSection
	GlobalSection(ExtensibilityGlobals) = postSolution
		SolutionGuid = {1036AA51-B0E7-4D79-8C00-90FCDE4099E6}
	EndGlobalSection
EndGlobal
